// !$*UTF8*$!
{
	archiveVersion = 1;
	classes = {
	};
	objectVersion = 46;
	objects = {

/* Begin PBXBuildFile section */
		961DA22A1D1DFCE6001046D5 /* Level1.sks in Resources */ = {isa = PBXBuildFile; fileRef = 961DA2291D1DFCE6001046D5 /* Level1.sks */; };
		96476D141D1D9E270050A9AB /* AppDelegate.swift in Sources */ = {isa = PBXBuildFile; fileRef = 96476D131D1D9E270050A9AB /* AppDelegate.swift */; };
		96476D161D1D9E270050A9AB /* GameScene.sks in Resources */ = {isa = PBXBuildFile; fileRef = 96476D151D1D9E270050A9AB /* GameScene.sks */; };
		96476D181D1D9E270050A9AB /* GameScene.swift in Sources */ = {isa = PBXBuildFile; fileRef = 96476D171D1D9E270050A9AB /* GameScene.swift */; };
		96476D1A1D1D9E270050A9AB /* GameViewController.swift in Sources */ = {isa = PBXBuildFile; fileRef = 96476D191D1D9E270050A9AB /* GameViewController.swift */; };
		96476D1D1D1D9E270050A9AB /* Main.storyboard in Resources */ = {isa = PBXBuildFile; fileRef = 96476D1B1D1D9E270050A9AB /* Main.storyboard */; };
		96476D1F1D1D9E270050A9AB /* Assets.xcassets in Resources */ = {isa = PBXBuildFile; fileRef = 96476D1E1D1D9E270050A9AB /* Assets.xcassets */; };
		96476D221D1D9E270050A9AB /* LaunchScreen.storyboard in Resources */ = {isa = PBXBuildFile; fileRef = 96476D201D1D9E270050A9AB /* LaunchScreen.storyboard */; };
		96476D2D1D1D9E270050A9AB /* PeevedPenguinsTests.swift in Sources */ = {isa = PBXBuildFile; fileRef = 96476D2C1D1D9E270050A9AB /* PeevedPenguinsTests.swift */; };
		96476D381D1D9E270050A9AB /* PeevedPenguinsUITests.swift in Sources */ = {isa = PBXBuildFile; fileRef = 96476D371D1D9E270050A9AB /* PeevedPenguinsUITests.swift */; };
		96476D741D1DA0950050A9AB /* assets.atlas in Resources */ = {isa = PBXBuildFile; fileRef = 96476D731D1DA0950050A9AB /* assets.atlas */; };
		96476D781D1DA1560050A9AB /* Bear.sks in Resources */ = {isa = PBXBuildFile; fileRef = 96476D771D1DA1560050A9AB /* Bear.sks */; };
		96476D7A1D1DA2210050A9AB /* CharacterActions.sks in Resources */ = {isa = PBXBuildFile; fileRef = 96476D791D1DA2210050A9AB /* CharacterActions.sks */; };
		96476D7C1D1DA36C0050A9AB /* Penguin.sks in Resources */ = {isa = PBXBuildFile; fileRef = 96476D7B1D1DA36C0050A9AB /* Penguin.sks */; };
		96476D7E1D1DA46C0050A9AB /* MSReferenceNode.swift in Sources */ = {isa = PBXBuildFile; fileRef = 96476D7D1D1DA46C0050A9AB /* MSReferenceNode.swift */; };
		96476D801D1DA5310050A9AB /* Seal.sks in Resources */ = {isa = PBXBuildFile; fileRef = 96476D7F1D1DA5310050A9AB /* Seal.sks */; };
		96476D831D1DA67B0050A9AB /* MainScene.sks in Resources */ = {isa = PBXBuildFile; fileRef = 96476D821D1DA67B0050A9AB /* MainScene.sks */; };
		96476D851D1DA77F0050A9AB /* MSButtonNode.swift in Sources */ = {isa = PBXBuildFile; fileRef = 96476D841D1DA77F0050A9AB /* MSButtonNode.swift */; };
		96476D871D1DA93C0050A9AB /* MainScene.swift in Sources */ = {isa = PBXBuildFile; fileRef = 96476D861D1DA93B0050A9AB /* MainScene.swift */; };
		967961011D20943600CDAD02 /* SealExplosion.sks in Resources */ = {isa = PBXBuildFile; fileRef = 967960FF1D20943600CDAD02 /* SealExplosion.sks */; };
		967961021D20943600CDAD02 /* spark.png in Resources */ = {isa = PBXBuildFile; fileRef = 967961001D20943600CDAD02 /* spark.png */; };
		9679610B1D209B4E00CDAD02 /* sfx_seal.caf in Resources */ = {isa = PBXBuildFile; fileRef = 9679610A1D209B4E00CDAD02 /* sfx_seal.caf */; };
		9696C9531D21D305004DE383 /* BombPenguin.sks in Resources */ = {isa = PBXBuildFile; fileRef = 9696C9521D21D305004DE383 /* BombPenguin.sks */; };
		9696C9551D21D7CA004DE383 /* Level2.sks in Resources */ = {isa = PBXBuildFile; fileRef = 9696C9541D21D7CA004DE383 /* Level2.sks */; };
		9696C9D51D22368A004DE383 /* Appicon.png in Resources */ = {isa = PBXBuildFile; fileRef = 9696C9D41D22368A004DE383 /* Appicon.png */; };
		9696C9D71D223751004DE383 /* Appicon.png in Resources */ = {isa = PBXBuildFile; fileRef = 9696C9D61D223751004DE383 /* Appicon.png */; };
		96CF775E1D1DE26900155B73 /* CGFloat+Extensions.swift in Sources */ = {isa = PBXBuildFile; fileRef = 96CF77521D1DE26900155B73 /* CGFloat+Extensions.swift */; };
		96CF775F1D1DE26900155B73 /* CGPoint+Extensions.swift in Sources */ = {isa = PBXBuildFile; fileRef = 96CF77531D1DE26900155B73 /* CGPoint+Extensions.swift */; };
		96CF77601D1DE26900155B73 /* CGVector+Extensions.swift in Sources */ = {isa = PBXBuildFile; fileRef = 96CF77541D1DE26900155B73 /* CGVector+Extensions.swift */; };
		96CF77611D1DE26900155B73 /* Int+Extensions.swift in Sources */ = {isa = PBXBuildFile; fileRef = 96CF77551D1DE26900155B73 /* Int+Extensions.swift */; };
		96CF77621D1DE26900155B73 /* SKAction+Extensions.swift in Sources */ = {isa = PBXBuildFile; fileRef = 96CF77561D1DE26900155B73 /* SKAction+Extensions.swift */; };
		96CF77631D1DE26900155B73 /* SKAction+SpecialEffects.swift in Sources */ = {isa = PBXBuildFile; fileRef = 96CF77571D1DE26900155B73 /* SKAction+SpecialEffects.swift */; };
		96CF77641D1DE26900155B73 /* SKColor+Extensions.swift in Sources */ = {isa = PBXBuildFile; fileRef = 96CF77581D1DE26900155B73 /* SKColor+Extensions.swift */; };
		96CF77651D1DE26900155B73 /* SKNode+Extensions.swift in Sources */ = {isa = PBXBuildFile; fileRef = 96CF77591D1DE26900155B73 /* SKNode+Extensions.swift */; };
		96CF77661D1DE26900155B73 /* SKTAudio.swift in Sources */ = {isa = PBXBuildFile; fileRef = 96CF775A1D1DE26900155B73 /* SKTAudio.swift */; };
		96CF77671D1DE26900155B73 /* SKTEffects.swift in Sources */ = {isa = PBXBuildFile; fileRef = 96CF775B1D1DE26900155B73 /* SKTEffects.swift */; };
		96CF77681D1DE26900155B73 /* SKTTimingFunctions.swift in Sources */ = {isa = PBXBuildFile; fileRef = 96CF775C1D1DE26900155B73 /* SKTTimingFunctions.swift */; };
		96CF77691D1DE26900155B73 /* Vector3.swift in Sources */ = {isa = PBXBuildFile; fileRef = 96CF775D1D1DE26900155B73 /* Vector3.swift */; };
/* End PBXBuildFile section */

/* Begin PBXContainerItemProxy section */
		96476D291D1D9E270050A9AB /* PBXContainerItemProxy */ = {
			isa = PBXContainerItemProxy;
			containerPortal = 96476D081D1D9E270050A9AB /* Project object */;
			proxyType = 1;
			remoteGlobalIDString = 96476D0F1D1D9E270050A9AB;
			remoteInfo = PeevedPenguins;
		};
		96476D341D1D9E270050A9AB /* PBXContainerItemProxy */ = {
			isa = PBXContainerItemProxy;
			containerPortal = 96476D081D1D9E270050A9AB /* Project object */;
			proxyType = 1;
			remoteGlobalIDString = 96476D0F1D1D9E270050A9AB;
			remoteInfo = PeevedPenguins;
		};
/* End PBXContainerItemProxy section */

/* Begin PBXFileReference section */
		961DA2291D1DFCE6001046D5 /* Level1.sks */ = {isa = PBXFileReference; lastKnownFileType = file.sks; path = Level1.sks; sourceTree = "<group>"; };
		96476D101D1D9E270050A9AB /* PeevedPenguins.app */ = {isa = PBXFileReference; explicitFileType = wrapper.application; includeInIndex = 0; path = PeevedPenguins.app; sourceTree = BUILT_PRODUCTS_DIR; };
		96476D131D1D9E270050A9AB /* AppDelegate.swift */ = {isa = PBXFileReference; lastKnownFileType = sourcecode.swift; path = AppDelegate.swift; sourceTree = "<group>"; };
		96476D151D1D9E270050A9AB /* GameScene.sks */ = {isa = PBXFileReference; lastKnownFileType = file.sks; path = GameScene.sks; sourceTree = "<group>"; };
		96476D171D1D9E270050A9AB /* GameScene.swift */ = {isa = PBXFileReference; lastKnownFileType = sourcecode.swift; path = GameScene.swift; sourceTree = "<group>"; };
		96476D191D1D9E270050A9AB /* GameViewController.swift */ = {isa = PBXFileReference; lastKnownFileType = sourcecode.swift; path = GameViewController.swift; sourceTree = "<group>"; };
		96476D1C1D1D9E270050A9AB /* Base */ = {isa = PBXFileReference; lastKnownFileType = file.storyboard; name = Base; path = Base.lproj/Main.storyboard; sourceTree = "<group>"; };
		96476D1E1D1D9E270050A9AB /* Assets.xcassets */ = {isa = PBXFileReference; lastKnownFileType = folder.assetcatalog; path = Assets.xcassets; sourceTree = "<group>"; };
		96476D211D1D9E270050A9AB /* Base */ = {isa = PBXFileReference; lastKnownFileType = file.storyboard; name = Base; path = Base.lproj/LaunchScreen.storyboard; sourceTree = "<group>"; };
		96476D231D1D9E270050A9AB /* Info.plist */ = {isa = PBXFileReference; lastKnownFileType = text.plist.xml; path = Info.plist; sourceTree = "<group>"; };
		96476D281D1D9E270050A9AB /* PeevedPenguinsTests.xctest */ = {isa = PBXFileReference; explicitFileType = wrapper.cfbundle; includeInIndex = 0; path = PeevedPenguinsTests.xctest; sourceTree = BUILT_PRODUCTS_DIR; };
		96476D2C1D1D9E270050A9AB /* PeevedPenguinsTests.swift */ = {isa = PBXFileReference; lastKnownFileType = sourcecode.swift; path = PeevedPenguinsTests.swift; sourceTree = "<group>"; };
		96476D2E1D1D9E270050A9AB /* Info.plist */ = {isa = PBXFileReference; lastKnownFileType = text.plist.xml; path = Info.plist; sourceTree = "<group>"; };
		96476D331D1D9E270050A9AB /* PeevedPenguinsUITests.xctest */ = {isa = PBXFileReference; explicitFileType = wrapper.cfbundle; includeInIndex = 0; path = PeevedPenguinsUITests.xctest; sourceTree = BUILT_PRODUCTS_DIR; };
		96476D371D1D9E270050A9AB /* PeevedPenguinsUITests.swift */ = {isa = PBXFileReference; lastKnownFileType = sourcecode.swift; path = PeevedPenguinsUITests.swift; sourceTree = "<group>"; };
		96476D391D1D9E270050A9AB /* Info.plist */ = {isa = PBXFileReference; lastKnownFileType = text.plist.xml; path = Info.plist; sourceTree = "<group>"; };
		96476D731D1DA0950050A9AB /* assets.atlas */ = {isa = PBXFileReference; lastKnownFileType = folder.skatlas; path = assets.atlas; sourceTree = "<group>"; };
		96476D771D1DA1560050A9AB /* Bear.sks */ = {isa = PBXFileReference; lastKnownFileType = file.sks; name = Bear.sks; path = ../Bear.sks; sourceTree = "<group>"; };
		96476D791D1DA2210050A9AB /* CharacterActions.sks */ = {isa = PBXFileReference; lastKnownFileType = file.sks; name = CharacterActions.sks; path = ../CharacterActions.sks; sourceTree = "<group>"; };
		96476D7B1D1DA36C0050A9AB /* Penguin.sks */ = {isa = PBXFileReference; lastKnownFileType = file.sks; path = Penguin.sks; sourceTree = "<group>"; };
		96476D7D1D1DA46C0050A9AB /* MSReferenceNode.swift */ = {isa = PBXFileReference; fileEncoding = 4; lastKnownFileType = sourcecode.swift; path = MSReferenceNode.swift; sourceTree = "<group>"; };
		96476D7F1D1DA5310050A9AB /* Seal.sks */ = {isa = PBXFileReference; lastKnownFileType = file.sks; path = Seal.sks; sourceTree = "<group>"; };
		96476D821D1DA67B0050A9AB /* MainScene.sks */ = {isa = PBXFileReference; lastKnownFileType = file.sks; path = MainScene.sks; sourceTree = "<group>"; };
		96476D841D1DA77F0050A9AB /* MSButtonNode.swift */ = {isa = PBXFileReference; fileEncoding = 4; lastKnownFileType = sourcecode.swift; path = MSButtonNode.swift; sourceTree = "<group>"; };
		96476D861D1DA93B0050A9AB /* MainScene.swift */ = {isa = PBXFileReference; fileEncoding = 4; lastKnownFileType = sourcecode.swift; path = MainScene.swift; sourceTree = "<group>"; };
		967960FF1D20943600CDAD02 /* SealExplosion.sks */ = {isa = PBXFileReference; lastKnownFileType = file.sks; path = SealExplosion.sks; sourceTree = "<group>"; };
		967961001D20943600CDAD02 /* spark.png */ = {isa = PBXFileReference; lastKnownFileType = image.png; path = spark.png; sourceTree = "<group>"; };
		9679610A1D209B4E00CDAD02 /* sfx_seal.caf */ = {isa = PBXFileReference; lastKnownFileType = file; name = sfx_seal.caf; path = assets.atlas/sfx_seal.caf; sourceTree = "<group>"; };
		9696C9521D21D305004DE383 /* BombPenguin.sks */ = {isa = PBXFileReference; lastKnownFileType = file.sks; path = BombPenguin.sks; sourceTree = "<group>"; };
		9696C9541D21D7CA004DE383 /* Level2.sks */ = {isa = PBXFileReference; lastKnownFileType = file.sks; path = Level2.sks; sourceTree = "<group>"; };
		9696C9D41D22368A004DE383 /* Appicon.png */ = {isa = PBXFileReference; lastKnownFileType = image.png; name = Appicon.png; path = assets.atlas/Appicon.png; sourceTree = "<group>"; };
		9696C9D61D223751004DE383 /* Appicon.png */ = {isa = PBXFileReference; lastKnownFileType = image.png; name = Appicon.png; path = assets.atlas/Appicon.png; sourceTree = "<group>"; };
		96CF77521D1DE26900155B73 /* CGFloat+Extensions.swift */ = {isa = PBXFileReference; fileEncoding = 4; lastKnownFileType = sourcecode.swift; path = "CGFloat+Extensions.swift"; sourceTree = "<group>"; };
		96CF77531D1DE26900155B73 /* CGPoint+Extensions.swift */ = {isa = PBXFileReference; fileEncoding = 4; lastKnownFileType = sourcecode.swift; path = "CGPoint+Extensions.swift"; sourceTree = "<group>"; };
		96CF77541D1DE26900155B73 /* CGVector+Extensions.swift */ = {isa = PBXFileReference; fileEncoding = 4; lastKnownFileType = sourcecode.swift; path = "CGVector+Extensions.swift"; sourceTree = "<group>"; };
		96CF77551D1DE26900155B73 /* Int+Extensions.swift */ = {isa = PBXFileReference; fileEncoding = 4; lastKnownFileType = sourcecode.swift; path = "Int+Extensions.swift"; sourceTree = "<group>"; };
		96CF77561D1DE26900155B73 /* SKAction+Extensions.swift */ = {isa = PBXFileReference; fileEncoding = 4; lastKnownFileType = sourcecode.swift; path = "SKAction+Extensions.swift"; sourceTree = "<group>"; };
		96CF77571D1DE26900155B73 /* SKAction+SpecialEffects.swift */ = {isa = PBXFileReference; fileEncoding = 4; lastKnownFileType = sourcecode.swift; path = "SKAction+SpecialEffects.swift"; sourceTree = "<group>"; };
		96CF77581D1DE26900155B73 /* SKColor+Extensions.swift */ = {isa = PBXFileReference; fileEncoding = 4; lastKnownFileType = sourcecode.swift; path = "SKColor+Extensions.swift"; sourceTree = "<group>"; };
		96CF77591D1DE26900155B73 /* SKNode+Extensions.swift */ = {isa = PBXFileReference; fileEncoding = 4; lastKnownFileType = sourcecode.swift; path = "SKNode+Extensions.swift"; sourceTree = "<group>"; };
		96CF775A1D1DE26900155B73 /* SKTAudio.swift */ = {isa = PBXFileReference; fileEncoding = 4; lastKnownFileType = sourcecode.swift; path = SKTAudio.swift; sourceTree = "<group>"; };
		96CF775B1D1DE26900155B73 /* SKTEffects.swift */ = {isa = PBXFileReference; fileEncoding = 4; lastKnownFileType = sourcecode.swift; path = SKTEffects.swift; sourceTree = "<group>"; };
		96CF775C1D1DE26900155B73 /* SKTTimingFunctions.swift */ = {isa = PBXFileReference; fileEncoding = 4; lastKnownFileType = sourcecode.swift; path = SKTTimingFunctions.swift; sourceTree = "<group>"; };
		96CF775D1D1DE26900155B73 /* Vector3.swift */ = {isa = PBXFileReference; fileEncoding = 4; lastKnownFileType = sourcecode.swift; path = Vector3.swift; sourceTree = "<group>"; };
/* End PBXFileReference section */

/* Begin PBXFrameworksBuildPhase section */
		96476D0D1D1D9E270050A9AB /* Frameworks */ = {
			isa = PBXFrameworksBuildPhase;
			buildActionMask = 2147483647;
			files = (
			);
			runOnlyForDeploymentPostprocessing = 0;
		};
		96476D251D1D9E270050A9AB /* Frameworks */ = {
			isa = PBXFrameworksBuildPhase;
			buildActionMask = 2147483647;
			files = (
			);
			runOnlyForDeploymentPostprocessing = 0;
		};
		96476D301D1D9E270050A9AB /* Frameworks */ = {
			isa = PBXFrameworksBuildPhase;
			buildActionMask = 2147483647;
			files = (
			);
			runOnlyForDeploymentPostprocessing = 0;
		};
/* End PBXFrameworksBuildPhase section */

/* Begin PBXGroup section */
		961DA2281D1DFC99001046D5 /* Levels */ = {
			isa = PBXGroup;
			children = (
				961DA2291D1DFCE6001046D5 /* Level1.sks */,
				9696C9541D21D7CA004DE383 /* Level2.sks */,
			);
			name = Levels;
			sourceTree = "<group>";
		};
		96476D071D1D9E270050A9AB = {
			isa = PBXGroup;
			children = (
				96476D121D1D9E270050A9AB /* PeevedPenguins */,
				96476D2B1D1D9E270050A9AB /* PeevedPenguinsTests */,
				96476D361D1D9E270050A9AB /* PeevedPenguinsUITests */,
				96476D111D1D9E270050A9AB /* Products */,
			);
			sourceTree = "<group>";
		};
		96476D111D1D9E270050A9AB /* Products */ = {
			isa = PBXGroup;
			children = (
				96476D101D1D9E270050A9AB /* PeevedPenguins.app */,
				96476D281D1D9E270050A9AB /* PeevedPenguinsTests.xctest */,
				96476D331D1D9E270050A9AB /* PeevedPenguinsUITests.xctest */,
			);
			name = Products;
			sourceTree = "<group>";
		};
		96476D121D1D9E270050A9AB /* PeevedPenguins */ = {
			isa = PBXGroup;
			children = (
				96476D841D1DA77F0050A9AB /* MSButtonNode.swift */,
				96476D7D1D1DA46C0050A9AB /* MSReferenceNode.swift */,
				96CF77511D1DE26900155B73 /* SKTUtils */,
				96476D791D1DA2210050A9AB /* CharacterActions.sks */,
				96476D811D1DA6150050A9AB /* Scenes */,
				96476D731D1DA0950050A9AB /* assets.atlas */,
				96476D131D1D9E270050A9AB /* AppDelegate.swift */,
				96476D151D1D9E270050A9AB /* GameScene.sks */,
				9679610A1D209B4E00CDAD02 /* sfx_seal.caf */,
				96476D171D1D9E270050A9AB /* GameScene.swift */,
				96476D191D1D9E270050A9AB /* GameViewController.swift */,
				96476D1B1D1D9E270050A9AB /* Main.storyboard */,
				96476D1E1D1D9E270050A9AB /* Assets.xcassets */,
				9696C9D61D223751004DE383 /* Appicon.png */,
				9696C9D41D22368A004DE383 /* Appicon.png */,
				96476D201D1D9E270050A9AB /* LaunchScreen.storyboard */,
				96476D231D1D9E270050A9AB /* Info.plist */,
			);
			path = PeevedPenguins;
			sourceTree = "<group>";
		};
		96476D2B1D1D9E270050A9AB /* PeevedPenguinsTests */ = {
			isa = PBXGroup;
			children = (
				96476D2C1D1D9E270050A9AB /* PeevedPenguinsTests.swift */,
				96476D2E1D1D9E270050A9AB /* Info.plist */,
			);
			path = PeevedPenguinsTests;
			sourceTree = "<group>";
		};
		96476D361D1D9E270050A9AB /* PeevedPenguinsUITests */ = {
			isa = PBXGroup;
			children = (
				96476D371D1D9E270050A9AB /* PeevedPenguinsUITests.swift */,
				96476D391D1D9E270050A9AB /* Info.plist */,
			);
			path = PeevedPenguinsUITests;
			sourceTree = "<group>";
		};
		96476D811D1DA6150050A9AB /* Scenes */ = {
			isa = PBXGroup;
			children = (
				961DA2281D1DFC99001046D5 /* Levels */,
				96476D861D1DA93B0050A9AB /* MainScene.swift */,
				96476D771D1DA1560050A9AB /* Bear.sks */,
				96476D7B1D1DA36C0050A9AB /* Penguin.sks */,
				9696C9521D21D305004DE383 /* BombPenguin.sks */,
				96476D821D1DA67B0050A9AB /* MainScene.sks */,
				96476D7F1D1DA5310050A9AB /* Seal.sks */,
				967960FF1D20943600CDAD02 /* SealExplosion.sks */,
				967961001D20943600CDAD02 /* spark.png */,
			);
			name = Scenes;
			sourceTree = "<group>";
		};
		96CF77511D1DE26900155B73 /* SKTUtils */ = {
			isa = PBXGroup;
			children = (
				96CF77521D1DE26900155B73 /* CGFloat+Extensions.swift */,
				96CF77531D1DE26900155B73 /* CGPoint+Extensions.swift */,
				96CF77541D1DE26900155B73 /* CGVector+Extensions.swift */,
				96CF77551D1DE26900155B73 /* Int+Extensions.swift */,
				96CF77561D1DE26900155B73 /* SKAction+Extensions.swift */,
				96CF77571D1DE26900155B73 /* SKAction+SpecialEffects.swift */,
				96CF77581D1DE26900155B73 /* SKColor+Extensions.swift */,
				96CF77591D1DE26900155B73 /* SKNode+Extensions.swift */,
				96CF775A1D1DE26900155B73 /* SKTAudio.swift */,
				96CF775B1D1DE26900155B73 /* SKTEffects.swift */,
				96CF775C1D1DE26900155B73 /* SKTTimingFunctions.swift */,
				96CF775D1D1DE26900155B73 /* Vector3.swift */,
			);
			path = SKTUtils;
			sourceTree = "<group>";
		};
/* End PBXGroup section */

/* Begin PBXNativeTarget section */
		96476D0F1D1D9E270050A9AB /* PeevedPenguins */ = {
			isa = PBXNativeTarget;
			buildConfigurationList = 96476D3C1D1D9E270050A9AB /* Build configuration list for PBXNativeTarget "PeevedPenguins" */;
			buildPhases = (
				96476D0C1D1D9E270050A9AB /* Sources */,
				96476D0D1D1D9E270050A9AB /* Frameworks */,
				96476D0E1D1D9E270050A9AB /* Resources */,
			);
			buildRules = (
			);
			dependencies = (
			);
			name = PeevedPenguins;
			productName = PeevedPenguins;
			productReference = 96476D101D1D9E270050A9AB /* PeevedPenguins.app */;
			productType = "com.apple.product-type.application";
		};
		96476D271D1D9E270050A9AB /* PeevedPenguinsTests */ = {
			isa = PBXNativeTarget;
			buildConfigurationList = 96476D3F1D1D9E270050A9AB /* Build configuration list for PBXNativeTarget "PeevedPenguinsTests" */;
			buildPhases = (
				96476D241D1D9E270050A9AB /* Sources */,
				96476D251D1D9E270050A9AB /* Frameworks */,
				96476D261D1D9E270050A9AB /* Resources */,
			);
			buildRules = (
			);
			dependencies = (
				96476D2A1D1D9E270050A9AB /* PBXTargetDependency */,
			);
			name = PeevedPenguinsTests;
			productName = PeevedPenguinsTests;
			productReference = 96476D281D1D9E270050A9AB /* PeevedPenguinsTests.xctest */;
			productType = "com.apple.product-type.bundle.unit-test";
		};
		96476D321D1D9E270050A9AB /* PeevedPenguinsUITests */ = {
			isa = PBXNativeTarget;
			buildConfigurationList = 96476D421D1D9E270050A9AB /* Build configuration list for PBXNativeTarget "PeevedPenguinsUITests" */;
			buildPhases = (
				96476D2F1D1D9E270050A9AB /* Sources */,
				96476D301D1D9E270050A9AB /* Frameworks */,
				96476D311D1D9E270050A9AB /* Resources */,
			);
			buildRules = (
			);
			dependencies = (
				96476D351D1D9E270050A9AB /* PBXTargetDependency */,
			);
			name = PeevedPenguinsUITests;
			productName = PeevedPenguinsUITests;
			productReference = 96476D331D1D9E270050A9AB /* PeevedPenguinsUITests.xctest */;
			productType = "com.apple.product-type.bundle.ui-testing";
		};
/* End PBXNativeTarget section */

/* Begin PBXProject section */
		96476D081D1D9E270050A9AB /* Project object */ = {
			isa = PBXProject;
			attributes = {
				LastSwiftUpdateCheck = 0730;
				LastUpgradeCheck = 0730;
				ORGANIZATIONNAME = tassos;
				TargetAttributes = {
					96476D0F1D1D9E270050A9AB = {
						CreatedOnToolsVersion = 7.3.1;
						DevelopmentTeam = BZC5V9PB4N;
					};
					96476D271D1D9E270050A9AB = {
						CreatedOnToolsVersion = 7.3.1;
						TestTargetID = 96476D0F1D1D9E270050A9AB;
					};
					96476D321D1D9E270050A9AB = {
						CreatedOnToolsVersion = 7.3.1;
						TestTargetID = 96476D0F1D1D9E270050A9AB;
					};
				};
			};
			buildConfigurationList = 96476D0B1D1D9E270050A9AB /* Build configuration list for PBXProject "PeevedPenguins" */;
			compatibilityVersion = "Xcode 3.2";
			developmentRegion = English;
			hasScannedForEncodings = 0;
			knownRegions = (
				en,
				Base,
			);
			mainGroup = 96476D071D1D9E270050A9AB;
			productRefGroup = 96476D111D1D9E270050A9AB /* Products */;
			projectDirPath = "";
			projectRoot = "";
			targets = (
				96476D0F1D1D9E270050A9AB /* PeevedPenguins */,
				96476D271D1D9E270050A9AB /* PeevedPenguinsTests */,
				96476D321D1D9E270050A9AB /* PeevedPenguinsUITests */,
			);
		};
/* End PBXProject section */

/* Begin PBXResourcesBuildPhase section */
		96476D0E1D1D9E270050A9AB /* Resources */ = {
			isa = PBXResourcesBuildPhase;
			buildActionMask = 2147483647;
			files = (
				96476D801D1DA5310050A9AB /* Seal.sks in Resources */,
				96476D161D1D9E270050A9AB /* GameScene.sks in Resources */,
				967961011D20943600CDAD02 /* SealExplosion.sks in Resources */,
				9696C9551D21D7CA004DE383 /* Level2.sks in Resources */,
				96476D221D1D9E270050A9AB /* LaunchScreen.storyboard in Resources */,
				9696C9531D21D305004DE383 /* BombPenguin.sks in Resources */,
				96476D1F1D1D9E270050A9AB /* Assets.xcassets in Resources */,
				967961021D20943600CDAD02 /* spark.png in Resources */,
				96476D781D1DA1560050A9AB /* Bear.sks in Resources */,
				9696C9D51D22368A004DE383 /* Appicon.png in Resources */,
				96476D741D1DA0950050A9AB /* assets.atlas in Resources */,
				96476D1D1D1D9E270050A9AB /* Main.storyboard in Resources */,
				9696C9D71D223751004DE383 /* Appicon.png in Resources */,
				9679610B1D209B4E00CDAD02 /* sfx_seal.caf in Resources */,
				96476D831D1DA67B0050A9AB /* MainScene.sks in Resources */,
				96476D7C1D1DA36C0050A9AB /* Penguin.sks in Resources */,
				961DA22A1D1DFCE6001046D5 /* Level1.sks in Resources */,
				96476D7A1D1DA2210050A9AB /* CharacterActions.sks in Resources */,
			);
			runOnlyForDeploymentPostprocessing = 0;
		};
		96476D261D1D9E270050A9AB /* Resources */ = {
			isa = PBXResourcesBuildPhase;
			buildActionMask = 2147483647;
			files = (
			);
			runOnlyForDeploymentPostprocessing = 0;
		};
		96476D311D1D9E270050A9AB /* Resources */ = {
			isa = PBXResourcesBuildPhase;
			buildActionMask = 2147483647;
			files = (
			);
			runOnlyForDeploymentPostprocessing = 0;
		};
/* End PBXResourcesBuildPhase section */

/* Begin PBXSourcesBuildPhase section */
		96476D0C1D1D9E270050A9AB /* Sources */ = {
			isa = PBXSourcesBuildPhase;
			buildActionMask = 2147483647;
			files = (
				96476D851D1DA77F0050A9AB /* MSButtonNode.swift in Sources */,
				96CF77681D1DE26900155B73 /* SKTTimingFunctions.swift in Sources */,
				96476D181D1D9E270050A9AB /* GameScene.swift in Sources */,
				96CF77601D1DE26900155B73 /* CGVector+Extensions.swift in Sources */,
				96CF775F1D1DE26900155B73 /* CGPoint+Extensions.swift in Sources */,
				96CF775E1D1DE26900155B73 /* CGFloat+Extensions.swift in Sources */,
				96476D7E1D1DA46C0050A9AB /* MSReferenceNode.swift in Sources */,
				96CF77661D1DE26900155B73 /* SKTAudio.swift in Sources */,
				96476D871D1DA93C0050A9AB /* MainScene.swift in Sources */,
				96CF77651D1DE26900155B73 /* SKNode+Extensions.swift in Sources */,
				96CF77621D1DE26900155B73 /* SKAction+Extensions.swift in Sources */,
				96CF77631D1DE26900155B73 /* SKAction+SpecialEffects.swift in Sources */,
				96476D1A1D1D9E270050A9AB /* GameViewController.swift in Sources */,
				96476D141D1D9E270050A9AB /* AppDelegate.swift in Sources */,
				96CF77671D1DE26900155B73 /* SKTEffects.swift in Sources */,
				96CF77611D1DE26900155B73 /* Int+Extensions.swift in Sources */,
				96CF77691D1DE26900155B73 /* Vector3.swift in Sources */,
				96CF77641D1DE26900155B73 /* SKColor+Extensions.swift in Sources */,
			);
			runOnlyForDeploymentPostprocessing = 0;
		};
		96476D241D1D9E270050A9AB /* Sources */ = {
			isa = PBXSourcesBuildPhase;
			buildActionMask = 2147483647;
			files = (
				96476D2D1D1D9E270050A9AB /* PeevedPenguinsTests.swift in Sources */,
			);
			runOnlyForDeploymentPostprocessing = 0;
		};
		96476D2F1D1D9E270050A9AB /* Sources */ = {
			isa = PBXSourcesBuildPhase;
			buildActionMask = 2147483647;
			files = (
				96476D381D1D9E270050A9AB /* PeevedPenguinsUITests.swift in Sources */,
			);
			runOnlyForDeploymentPostprocessing = 0;
		};
/* End PBXSourcesBuildPhase section */

/* Begin PBXTargetDependency section */
		96476D2A1D1D9E270050A9AB /* PBXTargetDependency */ = {
			isa = PBXTargetDependency;
			target = 96476D0F1D1D9E270050A9AB /* PeevedPenguins */;
			targetProxy = 96476D291D1D9E270050A9AB /* PBXContainerItemProxy */;
		};
		96476D351D1D9E270050A9AB /* PBXTargetDependency */ = {
			isa = PBXTargetDependency;
			target = 96476D0F1D1D9E270050A9AB /* PeevedPenguins */;
			targetProxy = 96476D341D1D9E270050A9AB /* PBXContainerItemProxy */;
		};
/* End PBXTargetDependency section */

/* Begin PBXVariantGroup section */
		96476D1B1D1D9E270050A9AB /* Main.storyboard */ = {
			isa = PBXVariantGroup;
			children = (
				96476D1C1D1D9E270050A9AB /* Base */,
			);
			name = Main.storyboard;
			sourceTree = "<group>";
		};
		96476D201D1D9E270050A9AB /* LaunchScreen.storyboard */ = {
			isa = PBXVariantGroup;
			children = (
				96476D211D1D9E270050A9AB /* Base */,
			);
			name = LaunchScreen.storyboard;
			sourceTree = "<group>";
		};
/* End PBXVariantGroup section */

/* Begin XCBuildConfiguration section */
		96476D3A1D1D9E270050A9AB /* Debug */ = {
			isa = XCBuildConfiguration;
			buildSettings = {
				ALWAYS_SEARCH_USER_PATHS = NO;
				CLANG_ANALYZER_NONNULL = YES;
				CLANG_CXX_LANGUAGE_STANDARD = "gnu++0x";
				CLANG_CXX_LIBRARY = "libc++";
				CLANG_ENABLE_MODULES = YES;
				CLANG_ENABLE_OBJC_ARC = YES;
				CLANG_WARN_BOOL_CONVERSION = YES;
				CLANG_WARN_CONSTANT_CONVERSION = YES;
				CLANG_WARN_DIRECT_OBJC_ISA_USAGE = YES_ERROR;
				CLANG_WARN_EMPTY_BODY = YES;
				CLANG_WARN_ENUM_CONVERSION = YES;
				CLANG_WARN_INT_CONVERSION = YES;
				CLANG_WARN_OBJC_ROOT_CLASS = YES_ERROR;
				CLANG_WARN_UNREACHABLE_CODE = YES;
				CLANG_WARN__DUPLICATE_METHOD_MATCH = YES;
				"CODE_SIGN_IDENTITY[sdk=iphoneos*]" = "iPhone Developer";
				COPY_PHASE_STRIP = NO;
				DEBUG_INFORMATION_FORMAT = "dwarf-with-dsym";
				ENABLE_STRICT_OBJC_MSGSEND = YES;
				ENABLE_TESTABILITY = YES;
				GCC_C_LANGUAGE_STANDARD = gnu99;
				GCC_DYNAMIC_NO_PIC = NO;
				GCC_NO_COMMON_BLOCKS = YES;
				GCC_OPTIMIZATION_LEVEL = 0;
				GCC_PREPROCESSOR_DEFINITIONS = (
					"DEBUG=1",
					"$(inherited)",
				);
				GCC_WARN_64_TO_32_BIT_CONVERSION = YES;
				GCC_WARN_ABOUT_RETURN_TYPE = YES_ERROR;
				GCC_WARN_UNDECLARED_SELECTOR = YES;
				GCC_WARN_UNINITIALIZED_AUTOS = YES_AGGRESSIVE;
				GCC_WARN_UNUSED_FUNCTION = YES;
				GCC_WARN_UNUSED_VARIABLE = YES;
				IPHONEOS_DEPLOYMENT_TARGET = 9.3;
				MTL_ENABLE_DEBUG_INFO = YES;
				ONLY_ACTIVE_ARCH = YES;
				SDKROOT = iphoneos;
				SWIFT_OPTIMIZATION_LEVEL = "-Onone";
				TARGETED_DEVICE_FAMILY = "1,2";
			};
			name = Debug;
		};
		96476D3B1D1D9E270050A9AB /* Release */ = {
			isa = XCBuildConfiguration;
			buildSettings = {
				ALWAYS_SEARCH_USER_PATHS = NO;
				CLANG_ANALYZER_NONNULL = YES;
				CLANG_CXX_LANGUAGE_STANDARD = "gnu++0x";
				CLANG_CXX_LIBRARY = "libc++";
				CLANG_ENABLE_MODULES = YES;
				CLANG_ENABLE_OBJC_ARC = YES;
				CLANG_WARN_BOOL_CONVERSION = YES;
				CLANG_WARN_CONSTANT_CONVERSION = YES;
				CLANG_WARN_DIRECT_OBJC_ISA_USAGE = YES_ERROR;
				CLANG_WARN_EMPTY_BODY = YES;
				CLANG_WARN_ENUM_CONVERSION = YES;
				CLANG_WARN_INT_CONVERSION = YES;
				CLANG_WARN_OBJC_ROOT_CLASS = YES_ERROR;
				CLANG_WARN_UNREACHABLE_CODE = YES;
				CLANG_WARN__DUPLICATE_METHOD_MATCH = YES;
				"CODE_SIGN_IDENTITY[sdk=iphoneos*]" = "iPhone Developer";
				COPY_PHASE_STRIP = NO;
				DEBUG_INFORMATION_FORMAT = "dwarf-with-dsym";
				ENABLE_NS_ASSERTIONS = NO;
				ENABLE_STRICT_OBJC_MSGSEND = YES;
				GCC_C_LANGUAGE_STANDARD = gnu99;
				GCC_NO_COMMON_BLOCKS = YES;
				GCC_WARN_64_TO_32_BIT_CONVERSION = YES;
				GCC_WARN_ABOUT_RETURN_TYPE = YES_ERROR;
				GCC_WARN_UNDECLARED_SELECTOR = YES;
				GCC_WARN_UNINITIALIZED_AUTOS = YES_AGGRESSIVE;
				GCC_WARN_UNUSED_FUNCTION = YES;
				GCC_WARN_UNUSED_VARIABLE = YES;
				IPHONEOS_DEPLOYMENT_TARGET = 9.3;
				MTL_ENABLE_DEBUG_INFO = NO;
				SDKROOT = iphoneos;
				TARGETED_DEVICE_FAMILY = "1,2";
				VALIDATE_PRODUCT = YES;
			};
			name = Release;
		};
		96476D3D1D1D9E270050A9AB /* Debug */ = {
			isa = XCBuildConfiguration;
			buildSettings = {
				ASSETCATALOG_COMPILER_APPICON_NAME = AppIcon;
				CODE_SIGN_IDENTITY = "iPhone Developer";
				"CODE_SIGN_IDENTITY[sdk=iphoneos*]" = "iPhone Developer";
				INFOPLIST_FILE = PeevedPenguins/Info.plist;
				LD_RUNPATH_SEARCH_PATHS = "$(inherited) @executable_path/Frameworks";
				PRODUCT_BUNDLE_IDENTIFIER = com.Tassos.PeevedPenguins;
				PRODUCT_NAME = "$(TARGET_NAME)";
				PROVISIONING_PROFILE = "";
			};
			name = Debug;
		};
		96476D3E1D1D9E270050A9AB /* Release */ = {
			isa = XCBuildConfiguration;
			buildSettings = {
				ASSETCATALOG_COMPILER_APPICON_NAME = AppIcon;
				CODE_SIGN_IDENTITY = "iPhone Developer";
				"CODE_SIGN_IDENTITY[sdk=iphoneos*]" = "iPhone Developer";
				INFOPLIST_FILE = PeevedPenguins/Info.plist;
				LD_RUNPATH_SEARCH_PATHS = "$(inherited) @executable_path/Frameworks";
				PRODUCT_BUNDLE_IDENTIFIER = com.Tassos.PeevedPenguins;
				PRODUCT_NAME = "$(TARGET_NAME)";
				PROVISIONING_PROFILE = "";
			};
			name = Release;
		};
		96476D401D1D9E270050A9AB /* Debug */ = {
			isa = XCBuildConfiguration;
			buildSettings = {
				BUNDLE_LOADER = "$(TEST_HOST)";
				DEBUG_INFORMATION_FORMAT = dwarf;
				INFOPLIST_FILE = PeevedPenguinsTests/Info.plist;
				LD_RUNPATH_SEARCH_PATHS = "$(inherited) @executable_path/Frameworks @loader_path/Frameworks";
				PRODUCT_BUNDLE_IDENTIFIER = com.Tassos.PeevedPenguinsTests;
				PRODUCT_NAME = "$(TARGET_NAME)";
				TEST_HOST = "$(BUILT_PRODUCTS_DIR)/PeevedPenguins.app/PeevedPenguins";
			};
			name = Debug;
		};
		96476D411D1D9E270050A9AB /* Release */ = {
			isa = XCBuildConfiguration;
			buildSettings = {
				BUNDLE_LOADER = "$(TEST_HOST)";
				INFOPLIST_FILE = PeevedPenguinsTests/Info.plist;
				LD_RUNPATH_SEARCH_PATHS = "$(inherited) @executable_path/Frameworks @loader_path/Frameworks";
				PRODUCT_BUNDLE_IDENTIFIER = com.Tassos.PeevedPenguinsTests;
				PRODUCT_NAME = "$(TARGET_NAME)";
				TEST_HOST = "$(BUILT_PRODUCTS_DIR)/PeevedPenguins.app/PeevedPenguins";
			};
			name = Release;
		};
		96476D431D1D9E270050A9AB /* Debug */ = {
			isa = XCBuildConfiguration;
			buildSettings = {
				DEBUG_INFORMATION_FORMAT = dwarf;
				INFOPLIST_FILE = PeevedPenguinsUITests/Info.plist;
				LD_RUNPATH_SEARCH_PATHS = "$(inherited) @executable_path/Frameworks @loader_path/Frameworks";
				PRODUCT_BUNDLE_IDENTIFIER = com.Tassos.PeevedPenguinsUITests;
				PRODUCT_NAME = "$(TARGET_NAME)";
				TEST_TARGET_NAME = PeevedPenguins;
			};
			name = Debug;
		};
		96476D441D1D9E270050A9AB /* Release */ = {
			isa = XCBuildConfiguration;
			buildSettings = {
				INFOPLIST_FILE = PeevedPenguinsUITests/Info.plist;
				LD_RUNPATH_SEARCH_PATHS = "$(inherited) @executable_path/Frameworks @loader_path/Frameworks";
				PRODUCT_BUNDLE_IDENTIFIER = com.Tassos.PeevedPenguinsUITests;
				PRODUCT_NAME = "$(TARGET_NAME)";
				TEST_TARGET_NAME = PeevedPenguins;
			};
			name = Release;
		};
/* End XCBuildConfiguration section */

/* Begin XCConfigurationList section */
		96476D0B1D1D9E270050A9AB /* Build configuration list for PBXProject "PeevedPenguins" */ = {
			isa = XCConfigurationList;
			buildConfigurations = (
				96476D3A1D1D9E270050A9AB /* Debug */,
				96476D3B1D1D9E270050A9AB /* Release */,
			);
			defaultConfigurationIsVisible = 0;
			defaultConfigurationName = Release;
		};
		96476D3C1D1D9E270050A9AB /* Build configuration list for PBXNativeTarget "PeevedPenguins" */ = {
			isa = XCConfigurationList;
			buildConfigurations = (
				96476D3D1D1D9E270050A9AB /* Debug */,
				96476D3E1D1D9E270050A9AB /* Release */,
			);
			defaultConfigurationIsVisible = 0;
			defaultConfigurationName = Release;
		};
		96476D3F1D1D9E270050A9AB /* Build configuration list for PBXNativeTarget "PeevedPenguinsTests" */ = {
			isa = XCConfigurationList;
			buildConfigurations = (
				96476D401D1D9E270050A9AB /* Debug */,
				96476D411D1D9E270050A9AB /* Release */,
			);
			defaultConfigurationIsVisible = 0;
			defaultConfigurationName = Release;
		};
		96476D421D1D9E270050A9AB /* Build configuration list for PBXNativeTarget "PeevedPenguinsUITests" */ = {
			isa = XCConfigurationList;
			buildConfigurations = (
				96476D431D1D9E270050A9AB /* Debug */,
				96476D441D1D9E270050A9AB /* Release */,
			);
			defaultConfigurationIsVisible = 0;
			defaultConfigurationName = Release;
		};
/* End XCConfigurationList section */
	};
	rootObject = 96476D081D1D9E270050A9AB /* Project object */;
}
